{
  "requires": true,
  "lockfileVersion": 1,
  "dependencies": {
    "argparse": {
      "version": "0.1.16",
      "resolved": "https://registry.npmjs.org/argparse/-/argparse-0.1.16.tgz",
      "integrity": "sha1-z9AeD7uj1srtBJ+9dY1A9lGW9Xw=",
      "requires": {
        "underscore": "~1.7.0",
        "underscore.string": "~2.4.0"
      }
    },
    "bson": {
      "version": "0.2.22",
      "resolved": "https://registry.npmjs.org/bson/-/bson-0.2.22.tgz",
      "integrity": "sha1-/NoQPybQwHTVpS1Qkn24D9ArSzk=",
      "requires": {
        "nan": "~1.8"
      }
    },
    "cookie": {
      "version": "0.4.0",
      "resolved": "https://registry.npmjs.org/cookie/-/cookie-0.4.0.tgz",
      "integrity": "sha512-+Hp8fLp57wnUSt0tY0tHEXh4voZRDnoIrZPqlo3DPiI4y9lwg/jqx+1Om94/W6ZaPDOUbnjOt/99w66zk+l1Xg=="
    },
    "cookie-signature": {
      "version": "1.0.6",
      "resolved": "https://registry.npmjs.org/cookie-signature/-/cookie-signature-1.0.6.tgz",
      "integrity": "sha1-4wOogrNCzD7oylE6eZmXNNqzriw="
    },
    "core-util-is": {
      "version": "1.0.2",
      "resolved": "https://registry.npmjs.org/core-util-is/-/core-util-is-1.0.2.tgz",
      "integrity": "sha1-tf1UIgqivFq1eqtxQMlAdUUDwac="
    },
    "debug": {
      "version": "2.6.9",
      "resolved": "https://registry.npmjs.org/debug/-/debug-2.6.9.tgz",
      "integrity": "sha512-bC7ElrdJaJnPbAP+1EotYvqZsb3ecl5wi6Bfi6BJTUcNowp6cvspg0jXznRTKDjm/E7AdgFBVeAPVMNcKGsHMA==",
      "requires": {
        "ms": "2.0.0"
      }
    },
    "depd": {
      "version": "2.0.0",
      "resolved": "https://registry.npmjs.org/depd/-/depd-2.0.0.tgz",
      "integrity": "sha512-g7nH6P6dyDioJogAAGprGpCtVImJhpPk/roCzdb3fIh61/s/nPsfR6onyMwkCAR/OlC3yBC0lESvUoQEAssIrw=="
    },
    "dotty": {
      "version": "0.0.2",
      "resolved": "https://registry.npmjs.org/dotty/-/dotty-0.0.2.tgz",
      "integrity": "sha1-4d6NRiZ7YvreErW1jCHKUUxKeqE="
    },
    "esprima": {
      "version": "1.0.4",
      "resolved": "https://registry.npmjs.org/esprima/-/esprima-1.0.4.tgz",
      "integrity": "sha1-n1V+CPw7TSbs6d00+Pv0drYlha0="
    },
    "express-mongo-session": {
      "version": "1.0.2",
      "resolved": "https://registry.npmjs.org/express-mongo-session/-/express-mongo-session-1.0.2.tgz",
      "integrity": "sha1-deUzLikDsc64yR3HpXSfCNknUO8=",
      "requires": {
        "express-session": "^1.11.1",
        "mongo-start": "^1.0.0"
      }
    },
    "express-session": {
      "version": "1.17.0",
      "resolved": "https://registry.npmjs.org/express-session/-/express-session-1.17.0.tgz",
      "integrity": "sha512-t4oX2z7uoSqATbMfsxWMbNjAL0T5zpvcJCk3Z9wnPPN7ibddhnmDZXHfEcoBMG2ojKXZoCyPMc5FbtK+G7SoDg==",
      "requires": {
        "cookie": "0.4.0",
        "cookie-signature": "1.0.6",
        "debug": "2.6.9",
        "depd": "~2.0.0",
        "on-headers": "~1.0.2",
        "parseurl": "~1.3.3",
        "safe-buffer": "5.2.0",
        "uid-safe": "~2.1.5"
      }
    },
    "inherits": {
      "version": "2.0.4",
      "resolved": "https://registry.npmjs.org/inherits/-/inherits-2.0.4.tgz",
      "integrity": "sha512-k/vGaX4/Yla3WzyMCvTQOXYeIHvqOKtnqBduzTHpzpQZzAskKMhZ2K+EnBiSM9zGSoIFeMpXKxa4dYeZIQqewQ=="
    },
    "isarray": {
      "version": "0.0.1",
      "resolved": "https://registry.npmjs.org/isarray/-/isarray-0.0.1.tgz",
      "integrity": "sha1-ihis/Kmo9Bd+Cav8YDiTmwXR7t8="
    },
    "js-yaml": {
      "version": "2.1.3",
      "resolved": "https://registry.npmjs.org/js-yaml/-/js-yaml-2.1.3.tgz",
      "integrity": "sha1-D/tWF75VUlh4Bj16Fq7n/dKC6Ew=",
      "requires": {
        "argparse": "~ 0.1.11",
        "esprima": "~ 1.0.2"
      }
    },
    "json-stringify-safe": {
      "version": "4.0.0",
      "resolved": "https://registry.npmjs.org/json-stringify-safe/-/json-stringify-safe-4.0.0.tgz",
      "integrity": "sha1-d8JxqupUMC5o7+rMtWq78GqbGlQ="
    },
    "kerberos": {
      "version": "0.0.9",
      "resolved": "https://registry.npmjs.org/kerberos/-/kerberos-0.0.9.tgz",
      "integrity": "sha1-WVv5fn6KrlQBrjE66le79ALnmcU=",
      "requires": {
        "nan": "1.6.2"
      },
      "dependencies": {
        "nan": {
          "version": "1.6.2",
          "resolved": "https://registry.npmjs.org/nan/-/nan-1.6.2.tgz",
          "integrity": "sha1-JlfRxDsA8ehH4IODIoW32PW6jsg="
        }
      }
    },
    "mongo-start": {
      "version": "1.2.0",
      "resolved": "https://registry.npmjs.org/mongo-start/-/mongo-start-1.2.0.tgz",
      "integrity": "sha1-YVleUbGp/GJQv6qG3Q92mVVRHWw=",
      "requires": {
        "mongojs": "^0.18.2",
        "xtconf": "0.0.2"
      }
    },
    "mongodb": {
      "version": "1.4.32",
      "resolved": "https://registry.npmjs.org/mongodb/-/mongodb-1.4.32.tgz",
      "integrity": "sha1-IwQ9dD5QfnPjfD7vA5Fq9boDM7g=",
      "requires": {
        "bson": "~0.2",
        "kerberos": "0.0.9",
        "readable-stream": "^3.6.0"
      },
      "dependencies": {
        "readable-stream": {
          "version": "3.6.0",
          "resolved": "https://registry.npmjs.org/readable-stream/-/readable-stream-3.6.0.tgz",
          "integrity": "sha512-BViHy7LKeTz4oNnkcLJ+lVSL6vpiFeX6/d3oSH8zCW7UxP2onchk+vTGB143xuFjHS3deTgkKoXXymXqymiIdA==",
          "optional": true,
          "requires": {
            "inherits": "^2.0.3",
            "string_decoder": "^1.1.1",
            "util-deprecate": "^1.0.1"
          }
        }
      }
    },
    "mongojs": {
      "version": "0.18.2",
      "resolved": "https://registry.npmjs.org/mongojs/-/mongojs-0.18.2.tgz",
      "integrity": "sha1-Mh0v3fZKWsfU1op+13S/jSB3CX4=",
      "requires": {
        "mongodb": "1.4.32",
        "readable-stream": "~1.1.9",
        "thunky": "~0.1.0"
      }
    },
    "mout": {
      "version": "0.7.1",
      "resolved": "https://registry.npmjs.org/mout/-/mout-0.7.1.tgz",
      "integrity": "sha1-IY3isIgLIg2Z9Puu4/wMOlMQvag="
    },
    "ms": {
      "version": "2.0.0",
      "resolved": "https://registry.npmjs.org/ms/-/ms-2.0.0.tgz",
      "integrity": "sha1-VgiurfwAvmwpAd9fmGF4jeDVl8g="
    },
    "nan": {
      "version": "1.8.4",
      "resolved": "https://registry.npmjs.org/nan/-/nan-1.8.4.tgz",
      "integrity": "sha1-PHa1OC6rM+RLdY0oE8qdkuk0LzQ="
    },
    "on-headers": {
      "version": "1.0.2",
      "resolved": "https://registry.npmjs.org/on-headers/-/on-headers-1.0.2.tgz",
      "integrity": "sha512-pZAE+FJLoyITytdqK0U5s+FIpjN0JP3OzFi/u8Rx+EV5/W+JTWGXG8xFzevE7AjBfDqHv/8vL8qQsIhHnqRkrA=="
    },
    "optimist": {
      "version": "0.5.2",
      "resolved": "https://registry.npmjs.org/optimist/-/optimist-0.5.2.tgz",
      "integrity": "sha1-hcjBRUszFeSniUfoV7HfAzRQv7w=",
      "requires": {
        "wordwrap": "~0.0.2"
      }
    },
    "parseurl": {
      "version": "1.3.3",
      "resolved": "https://registry.npmjs.org/parseurl/-/parseurl-1.3.3.tgz",
      "integrity": "sha512-CiyeOxFT/JZyN5m0z9PfXw4SCBJ6Sygz1Dpl0wqjlhDEGGBP1GnsUVEL0p63hoG1fcj3fHynXi9NYO4nWOL+qQ=="
    },
    "q": {
      "version": "0.9.7",
      "resolved": "https://registry.npmjs.org/q/-/q-0.9.7.tgz",
      "integrity": "sha1-TeLmyzspCIyeTLwDv51C+5bOL3U="
    },
    "qconf": {
      "version": "2.2.0",
      "resolved": "https://registry.npmjs.org/qconf/-/qconf-2.2.0.tgz",
      "integrity": "sha1-zvLPiELbKbKii3gx4jezz+ipgaI=",
      "requires": {
        "dotty": "0.0.2",
        "js-yaml": "~2.1.1",
        "mout": "~0.7.1",
        "optimist": "~0.5.0",
        "q": "~0.9.7",
        "stampit": "~0.5.1"
      }
    },
    "random-bytes": {
      "version": "1.0.0",
      "resolved": "https://registry.npmjs.org/random-bytes/-/random-bytes-1.0.0.tgz",
      "integrity": "sha1-T2ih3Arli9P7lYSMMDJNt11kNgs="
    },
    "readable-stream": {
      "version": "1.1.14",
      "resolved": "https://registry.npmjs.org/readable-stream/-/readable-stream-1.1.14.tgz",
      "integrity": "sha1-fPTFTvZI44EwhMY23SB54WbAgdk=",
      "requires": {
        "core-util-is": "~1.0.0",
        "inherits": "~2.0.1",
        "isarray": "0.0.1",
        "string_decoder": "~0.10.x"
      },
      "dependencies": {
        "string_decoder": {
          "version": "0.10.31",
          "resolved": "https://registry.npmjs.org/string_decoder/-/string_decoder-0.10.31.tgz",
          "integrity": "sha1-YuIDvEF2bGwoyfyEMB2rHFMQ+pQ="
        }
      }
    },
    "safe-buffer": {
      "version": "5.2.0",
      "resolved": "https://registry.npmjs.org/safe-buffer/-/safe-buffer-5.2.0.tgz",
      "integrity": "sha512-fZEwUGbVl7kouZs1jCdMLdt95hdIv0ZeHg6L7qPeciMZhZ+/gdesW4wgTARkrFWEpspjEATAzUGPG8N2jJiwbg=="
    },
    "stampit": {
      "version": "0.5.1",
      "resolved": "https://registry.npmjs.org/stampit/-/stampit-0.5.1.tgz",
      "integrity": "sha1-7vda9Rsz8fm0UpIpOvhURmAsvbo=",
      "requires": {
        "json-stringify-safe": "~4.0.0",
        "mout": "~0.5.0"
      },
      "dependencies": {
        "mout": {
          "version": "0.5.0",
          "resolved": "https://registry.npmjs.org/mout/-/mout-0.5.0.tgz",
          "integrity": "sha1-/5Z1ZqkPKVlenLi254AKW1ZjVYM="
        }
      }
    },
    "string_decoder": {
      "version": "1.3.0",
      "resolved": "https://registry.npmjs.org/string_decoder/-/string_decoder-1.3.0.tgz",
      "integrity": "sha512-hkRX8U1WjJFd8LsDJ2yQ/wWWxaopEsABU1XfkM8A+j0+85JAGppt16cr1Whg6KIbb4okU6Mql6BOj+uup/wKeA==",
      "requires": {
        "safe-buffer": "~5.2.0"
      }
    },
    "thunky": {
      "version": "0.1.0",
      "resolved": "https://registry.npmjs.org/thunky/-/thunky-0.1.0.tgz",
      "integrity": "sha1-vzAUaCTituZ7Dy16Ssi+smkIaE4="
    },
    "uid-safe": {
      "version": "2.1.5",
      "resolved": "https://registry.npmjs.org/uid-safe/-/uid-safe-2.1.5.tgz",
      "integrity": "sha512-KPHm4VL5dDXKz01UuEd88Df+KzynaohSL9fBh096KWAxSKZQDI2uBrVqtvRM4rwrIrRRKsdLNML/lnaaVSRioA==",
      "requires": {
        "random-bytes": "~1.0.0"
      }
    },
    "underscore": {
      "version": "1.7.0",
      "resolved": "https://registry.npmjs.org/underscore/-/underscore-1.7.0.tgz",
      "integrity": "sha1-a7rwh3UA02vjTsqlhODbn+8DUgk="
    },
    "underscore.string": {
      "version": "2.4.0",
      "resolved": "https://registry.npmjs.org/underscore.string/-/underscore.string-2.4.0.tgz",
      "integrity": "sha1-jN2PusTi0uoefi6Al8QvRCKA+Fs="
    },
    "util-deprecate": {
      "version": "1.0.2",
      "resolved": "https://registry.npmjs.org/util-deprecate/-/util-deprecate-1.0.2.tgz",
      "integrity": "sha1-RQ1Nyfpw3nMnYvvS1KKJgUGaDM8="
    },
    "wordwrap": {
      "version": "0.0.3",
      "resolved": "https://registry.npmjs.org/wordwrap/-/wordwrap-0.0.3.tgz",
      "integrity": "sha1-o9XabNXAvAAI03I0u68b7WMFkQc="
    },
    "xtconf": {
      "version": "0.0.2",
      "resolved": "https://registry.npmjs.org/xtconf/-/xtconf-0.0.2.tgz",
      "integrity": "sha1-lEZHN/2w68wU3SGjCh/kmcRfpTE=",
      "requires": {
        "qconf": "~2.2.0"
      }
    }
  }
}
